
Microsoft Visual Studio Solution File, Format Version 12.00
# Visual Studio 2013
VisualStudioVersion = 12.0.30723.0
MinimumVisualStudioVersion = 10.0.40219.1
Project("{FAE04EC0-301F-11D3-BF4B-00C04F79EFBC}") = "AppServicesAPIManagement", "App Services\AppServicesAPIManagement\AppServicesAPIManagement.csproj", "{F5170D93-C871-4F2D-BC35-49AA39850B65}"
EndProject
Project("{2150E333-8FDC-42A3-9474-1A3956D46DE8}") = "App Services", "App Services", "{96551457-3B31-4419-977E-9C07EA1DDBCB}"
EndProject
Project("{2150E333-8FDC-42A3-9474-1A3956D46DE8}") = "Data Services", "Data Services", "{CDD512B5-3F49-4665-9EF9-51F43608C9C6}"
EndProject
Project("{2150E333-8FDC-42A3-9474-1A3956D46DE8}") = "Compute", "Compute", "{078B0CB0-E1AF-40CD-BAED-579B9DD65D14}"
EndProject
Project("{2150E333-8FDC-42A3-9474-1A3956D46DE8}") = "Deployment and Management", "Deployment and Management", "{AF14271B-3B38-454D-9F40-B5CE90C6FED1}"
EndProject
Project("{2150E333-8FDC-42A3-9474-1A3956D46DE8}") = "Network", "Network", "{192147A6-84F3-4BF2-B4B7-A6D5B603DE9E}"
EndProject
Project("{FAE04EC0-301F-11D3-BF4B-00C04F79EFBC}") = "AppServicesBizTalk", "App Services\AppServicesBizTalk\AppServicesBizTalk.csproj", "{15A57B76-E8CE-4690-A1BF-FC7D67BCF088}"
EndProject
Project("{FAE04EC0-301F-11D3-BF4B-00C04F79EFBC}") = "AppServicesMediaTranscode", "App Services\AppServicesMediaTranscode\AppServicesMediaTranscode.csproj", "{DB3ACA98-EB9F-48CE-97F8-20E712DB9FB1}"
EndProject
Project("{FAE04EC0-301F-11D3-BF4B-00C04F79EFBC}") = "AppServicesNotificationHubs", "App Services\AppServicesNotificationHubs\AppServicesNotificationHubs.csproj", "{AE361FCE-2396-4548-B05C-EA40CECDF081}"
EndProject
Project("{FAE04EC0-301F-11D3-BF4B-00C04F79EFBC}") = "AppServicesSvcBusQ", "App Services\AppServicesSvcBusQ\AppServicesSvcBusQ.csproj", "{247F0154-3F6B-409B-BEBA-1BF9302D3B9E}"
EndProject
Project("{FAE04EC0-301F-11D3-BF4B-00C04F79EFBC}") = "AppServicesSvcBusTopic", "App Services\AppServicesSvcBusTopic\AppServicesSvcBusTopic.csproj", "{23BEC2DE-8D5F-4914-A2E2-82B0003F71DE}"
EndProject
Project("{FAE04EC0-301F-11D3-BF4B-00C04F79EFBC}") = "ComputeCloudServices", "Compute\ComputeCloudServices\ComputeCloudServices.csproj", "{DEBF6327-E4D9-45AF-AE4F-B226BECA5DDC}"
EndProject
Project("{FAE04EC0-301F-11D3-BF4B-00C04F79EFBC}") = "ComputeMobileServices", "Compute\ComputeMobileServices\ComputeMobileServices.csproj", "{93686D6E-5658-4BC1-A578-54E7F16EB99C}"
EndProject
Project("{FAE04EC0-301F-11D3-BF4B-00C04F79EFBC}") = "ComputeVirtualMachines", "Compute\ComputeVirtualMachines\ComputeVirtualMachines.csproj", "{E4966B3C-5226-415C-8B1F-B7BBD64509F3}"
EndProject
Project("{FAE04EC0-301F-11D3-BF4B-00C04F79EFBC}") = "ComputeWebSites", "Compute\ComputeWebSites\ComputeWebSites.csproj", "{D04CB621-CC00-4DDF-9AA3-1796F697584B}"
EndProject
Project("{FAE04EC0-301F-11D3-BF4B-00C04F79EFBC}") = "DataBlobStorage", "Data Services\DataBlobStorage\DataBlobStorage.csproj", "{85C81265-CA86-4C3D-93B9-7AC54FCD20AF}"
EndProject
Project("{FAE04EC0-301F-11D3-BF4B-00C04F79EFBC}") = "DataCacheService", "Data Services\DataCacheService\DataCacheService.csproj", "{A4AD877F-2EB5-4023-BA08-C4CF89514C00}"
EndProject
Project("{FAE04EC0-301F-11D3-BF4B-00C04F79EFBC}") = "DataHDInsight", "Data Services\DataHDInsight\DataHDInsight.csproj", "{881E89B0-9B98-4828-908F-4F8886E628F3}"
EndProject
Project("{FAE04EC0-301F-11D3-BF4B-00C04F79EFBC}") = "DataRecoveryServices", "Data Services\DataRecoveryServices\DataRecoveryServices.csproj", "{22D8EE17-6B83-45F4-8EAC-53B1B37F2FEA}"
EndProject
Project("{FAE04EC0-301F-11D3-BF4B-00C04F79EFBC}") = "DataSQLEF", "Data Services\DataSQLEF\DataSQLEF.csproj", "{9CE47F9E-2A81-4AF1-ACCA-F73A6EBD12E9}"
EndProject
Project("{FAE04EC0-301F-11D3-BF4B-00C04F79EFBC}") = "DataStorageQueue", "Data Services\DataStorageQueue\DataStorageQueue.csproj", "{FB99BAF4-BE6E-43F2-B903-50F0049AC496}"
EndProject
Project("{FAE04EC0-301F-11D3-BF4B-00C04F79EFBC}") = "DataTableStorage", "Data Services\DataTableStorage\DataTableStorage.csproj", "{058D9126-C9C7-4CB2-B38A-5849F7BFC32D}"
EndProject
Project("{FAE04EC0-301F-11D3-BF4B-00C04F79EFBC}") = "DeployManageAzureStorage", "Deploy Manage\DeployManageAzureStorage\DeployManageAzureStorage.csproj", "{27DCF604-3EF5-44AC-BF2C-5E8015D54082}"
EndProject
Project("{FAE04EC0-301F-11D3-BF4B-00C04F79EFBC}") = "DeployManageCloudServices", "Deploy Manage\DeployManageCloudServices\DeployManageCloudServices.csproj", "{018366D1-A287-4CE4-8DA0-DEDFA08D97BE}"
EndProject
Project("{FAE04EC0-301F-11D3-BF4B-00C04F79EFBC}") = "DeployManageSQLDB", "Deploy Manage\DeployManageSQLDB\DeployManageSQLDB.csproj", "{CDAA854A-1FD5-4176-BB07-70E487BC4FFF}"
EndProject
Project("{FAE04EC0-301F-11D3-BF4B-00C04F79EFBC}") = "DeployManageVirtualMachines", "Deploy Manage\DeployManageVirtualMachines\DeployManageVirtualMachines.csproj", "{890E80E9-32B5-40EB-93C1-35BCDD29F4A6}"
EndProject
Project("{FAE04EC0-301F-11D3-BF4B-00C04F79EFBC}") = "DeployManageVirtualNetwork", "Deploy Manage\DeployManageVirtualNetwork\DeployManageVirtualNetwork.csproj", "{A777776A-570D-4E75-95EC-00309EC9FC42}"
EndProject
Project("{FAE04EC0-301F-11D3-BF4B-00C04F79EFBC}") = "DeployManageWebSites", "Deploy Manage\DeployManageWebSites\DeployManageWebSites.csproj", "{BC02C9CA-E1DA-45F4-A31A-8F0FC110C113}"
EndProject
Project("{FAE04EC0-301F-11D3-BF4B-00C04F79EFBC}") = "NetworkCreateVNet", "Network\NetworkCreateVNet\NetworkCreateVNet.csproj", "{9149B802-A895-48A8-A5DF-4382BF11F7FC}"
EndProject
Project("{FAE04EC0-301F-11D3-BF4B-00C04F79EFBC}") = "NetworkCreateVNetSiteToSite", "Network\NetworkCreateVNetSiteToSite\NetworkCreateVNetSiteToSite.csproj", "{3EAFCABE-D8C4-44FC-92FD-FC9925DDA473}"
EndProject
Project("{FAE04EC0-301F-11D3-BF4B-00C04F79EFBC}") = "NetworkTrafficManager", "Network\NetworkTrafficManager\NetworkTrafficManager.csproj", "{5AFAF6A0-17A4-4FFA-9176-547EC2DE26E5}"
EndProject
Project("{FAE04EC0-301F-11D3-BF4B-00C04F79EFBC}") = "AppServicesScheduler", "App Services\AppServicesScheduler\AppServicesScheduler.csproj", "{9638914E-AC15-4F78-9F73-34E5DA5132AD}"
EndProject
Project("{FAE04EC0-301F-11D3-BF4B-00C04F79EFBC}") = "AppServicesAutomation", "App Services\AppServicesAutomation\AppServicesAutomation.csproj", "{E2C4D4D8-D7BC-43F2-BFF5-3CB19686762A}"
EndProject
Project("{FAE04EC0-301F-11D3-BF4B-00C04F79EFBC}") = "AzureQuickStarts.Common", "Shared\Common\AzureQuickStarts.Common.csproj", "{723464A7-D261-4063-8296-3A5291388CFA}"
EndProject
Project("{FAE04EC0-301F-11D3-BF4B-00C04F79EFBC}") = "DataDocumentDB", "Data Services\DataDocumentDB\DataDocumentDB.csproj", "{4DD1A6EE-38A2-4963-868A-574FB8D000FC}"
EndProject
Global
	GlobalSection(SolutionConfigurationPlatforms) = preSolution
		Debug|Any CPU = Debug|Any CPU
		Release|Any CPU = Release|Any CPU
	EndGlobalSection
	GlobalSection(ProjectConfigurationPlatforms) = postSolution
		{F5170D93-C871-4F2D-BC35-49AA39850B65}.Debug|Any CPU.ActiveCfg = Debug|Any CPU
		{F5170D93-C871-4F2D-BC35-49AA39850B65}.Debug|Any CPU.Build.0 = Debug|Any CPU
		{F5170D93-C871-4F2D-BC35-49AA39850B65}.Release|Any CPU.ActiveCfg = Release|Any CPU
		{F5170D93-C871-4F2D-BC35-49AA39850B65}.Release|Any CPU.Build.0 = Release|Any CPU
		{15A57B76-E8CE-4690-A1BF-FC7D67BCF088}.Debug|Any CPU.ActiveCfg = Debug|Any CPU
		{15A57B76-E8CE-4690-A1BF-FC7D67BCF088}.Debug|Any CPU.Build.0 = Debug|Any CPU
		{15A57B76-E8CE-4690-A1BF-FC7D67BCF088}.Release|Any CPU.ActiveCfg = Release|Any CPU
		{15A57B76-E8CE-4690-A1BF-FC7D67BCF088}.Release|Any CPU.Build.0 = Release|Any CPU
		{DB3ACA98-EB9F-48CE-97F8-20E712DB9FB1}.Debug|Any CPU.ActiveCfg = Debug|Any CPU
		{DB3ACA98-EB9F-48CE-97F8-20E712DB9FB1}.Debug|Any CPU.Build.0 = Debug|Any CPU
		{DB3ACA98-EB9F-48CE-97F8-20E712DB9FB1}.Release|Any CPU.ActiveCfg = Release|Any CPU
		{DB3ACA98-EB9F-48CE-97F8-20E712DB9FB1}.Release|Any CPU.Build.0 = Release|Any CPU
		{AE361FCE-2396-4548-B05C-EA40CECDF081}.Debug|Any CPU.ActiveCfg = Debug|Any CPU
		{AE361FCE-2396-4548-B05C-EA40CECDF081}.Debug|Any CPU.Build.0 = Debug|Any CPU
		{AE361FCE-2396-4548-B05C-EA40CECDF081}.Release|Any CPU.ActiveCfg = Release|Any CPU
		{AE361FCE-2396-4548-B05C-EA40CECDF081}.Release|Any CPU.Build.0 = Release|Any CPU
		{247F0154-3F6B-409B-BEBA-1BF9302D3B9E}.Debug|Any CPU.ActiveCfg = Debug|Any CPU
		{247F0154-3F6B-409B-BEBA-1BF9302D3B9E}.Debug|Any CPU.Build.0 = Debug|Any CPU
		{247F0154-3F6B-409B-BEBA-1BF9302D3B9E}.Release|Any CPU.ActiveCfg = Release|Any CPU
		{247F0154-3F6B-409B-BEBA-1BF9302D3B9E}.Release|Any CPU.Build.0 = Release|Any CPU
		{23BEC2DE-8D5F-4914-A2E2-82B0003F71DE}.Debug|Any CPU.ActiveCfg = Debug|Any CPU
		{23BEC2DE-8D5F-4914-A2E2-82B0003F71DE}.Debug|Any CPU.Build.0 = Debug|Any CPU
		{23BEC2DE-8D5F-4914-A2E2-82B0003F71DE}.Release|Any CPU.ActiveCfg = Release|Any CPU
		{23BEC2DE-8D5F-4914-A2E2-82B0003F71DE}.Release|Any CPU.Build.0 = Release|Any CPU
		{DEBF6327-E4D9-45AF-AE4F-B226BECA5DDC}.Debug|Any CPU.ActiveCfg = Debug|Any CPU
		{DEBF6327-E4D9-45AF-AE4F-B226BECA5DDC}.Debug|Any CPU.Build.0 = Debug|Any CPU
		{DEBF6327-E4D9-45AF-AE4F-B226BECA5DDC}.Release|Any CPU.ActiveCfg = Release|Any CPU
		{DEBF6327-E4D9-45AF-AE4F-B226BECA5DDC}.Release|Any CPU.Build.0 = Release|Any CPU
		{93686D6E-5658-4BC1-A578-54E7F16EB99C}.Debug|Any CPU.ActiveCfg = Debug|Any CPU
		{93686D6E-5658-4BC1-A578-54E7F16EB99C}.Debug|Any CPU.Build.0 = Debug|Any CPU
		{93686D6E-5658-4BC1-A578-54E7F16EB99C}.Release|Any CPU.ActiveCfg = Release|Any CPU
		{93686D6E-5658-4BC1-A578-54E7F16EB99C}.Release|Any CPU.Build.0 = Release|Any CPU
		{E4966B3C-5226-415C-8B1F-B7BBD64509F3}.Debug|Any CPU.ActiveCfg = Debug|Any CPU
		{E4966B3C-5226-415C-8B1F-B7BBD64509F3}.Debug|Any CPU.Build.0 = Debug|Any CPU
		{E4966B3C-5226-415C-8B1F-B7BBD64509F3}.Release|Any CPU.ActiveCfg = Release|Any CPU
		{E4966B3C-5226-415C-8B1F-B7BBD64509F3}.Release|Any CPU.Build.0 = Release|Any CPU
		{D04CB621-CC00-4DDF-9AA3-1796F697584B}.Debug|Any CPU.ActiveCfg = Debug|Any CPU
		{D04CB621-CC00-4DDF-9AA3-1796F697584B}.Debug|Any CPU.Build.0 = Debug|Any CPU
		{D04CB621-CC00-4DDF-9AA3-1796F697584B}.Release|Any CPU.ActiveCfg = Release|Any CPU
		{D04CB621-CC00-4DDF-9AA3-1796F697584B}.Release|Any CPU.Build.0 = Release|Any CPU
		{85C81265-CA86-4C3D-93B9-7AC54FCD20AF}.Debug|Any CPU.ActiveCfg = Debug|Any CPU
		{85C81265-CA86-4C3D-93B9-7AC54FCD20AF}.Debug|Any CPU.Build.0 = Debug|Any CPU
		{85C81265-CA86-4C3D-93B9-7AC54FCD20AF}.Release|Any CPU.ActiveCfg = Release|Any CPU
		{85C81265-CA86-4C3D-93B9-7AC54FCD20AF}.Release|Any CPU.Build.0 = Release|Any CPU
		{A4AD877F-2EB5-4023-BA08-C4CF89514C00}.Debug|Any CPU.ActiveCfg = Debug|Any CPU
		{A4AD877F-2EB5-4023-BA08-C4CF89514C00}.Debug|Any CPU.Build.0 = Debug|Any CPU
		{A4AD877F-2EB5-4023-BA08-C4CF89514C00}.Release|Any CPU.ActiveCfg = Release|Any CPU
		{A4AD877F-2EB5-4023-BA08-C4CF89514C00}.Release|Any CPU.Build.0 = Release|Any CPU
		{881E89B0-9B98-4828-908F-4F8886E628F3}.Debug|Any CPU.ActiveCfg = Debug|Any CPU
		{881E89B0-9B98-4828-908F-4F8886E628F3}.Debug|Any CPU.Build.0 = Debug|Any CPU
		{881E89B0-9B98-4828-908F-4F8886E628F3}.Release|Any CPU.ActiveCfg = Release|Any CPU
		{881E89B0-9B98-4828-908F-4F8886E628F3}.Release|Any CPU.Build.0 = Release|Any CPU
		{22D8EE17-6B83-45F4-8EAC-53B1B37F2FEA}.Debug|Any CPU.ActiveCfg = Debug|Any CPU
		{22D8EE17-6B83-45F4-8EAC-53B1B37F2FEA}.Debug|Any CPU.Build.0 = Debug|Any CPU
		{22D8EE17-6B83-45F4-8EAC-53B1B37F2FEA}.Release|Any CPU.ActiveCfg = Release|Any CPU
		{22D8EE17-6B83-45F4-8EAC-53B1B37F2FEA}.Release|Any CPU.Build.0 = Release|Any CPU
		{9CE47F9E-2A81-4AF1-ACCA-F73A6EBD12E9}.Debug|Any CPU.ActiveCfg = Debug|Any CPU
		{9CE47F9E-2A81-4AF1-ACCA-F73A6EBD12E9}.Debug|Any CPU.Build.0 = Debug|Any CPU
		{9CE47F9E-2A81-4AF1-ACCA-F73A6EBD12E9}.Release|Any CPU.ActiveCfg = Release|Any CPU
		{9CE47F9E-2A81-4AF1-ACCA-F73A6EBD12E9}.Release|Any CPU.Build.0 = Release|Any CPU
		{FB99BAF4-BE6E-43F2-B903-50F0049AC496}.Debug|Any CPU.ActiveCfg = Debug|Any CPU
		{FB99BAF4-BE6E-43F2-B903-50F0049AC496}.Debug|Any CPU.Build.0 = Debug|Any CPU
		{FB99BAF4-BE6E-43F2-B903-50F0049AC496}.Release|Any CPU.ActiveCfg = Release|Any CPU
		{FB99BAF4-BE6E-43F2-B903-50F0049AC496}.Release|Any CPU.Build.0 = Release|Any CPU
		{058D9126-C9C7-4CB2-B38A-5849F7BFC32D}.Debug|Any CPU.ActiveCfg = Debug|Any CPU
		{058D9126-C9C7-4CB2-B38A-5849F7BFC32D}.Debug|Any CPU.Build.0 = Debug|Any CPU
		{058D9126-C9C7-4CB2-B38A-5849F7BFC32D}.Release|Any CPU.ActiveCfg = Release|Any CPU
		{058D9126-C9C7-4CB2-B38A-5849F7BFC32D}.Release|Any CPU.Build.0 = Release|Any CPU
		{27DCF604-3EF5-44AC-BF2C-5E8015D54082}.Debug|Any CPU.ActiveCfg = Debug|Any CPU
		{27DCF604-3EF5-44AC-BF2C-5E8015D54082}.Debug|Any CPU.Build.0 = Debug|Any CPU
		{27DCF604-3EF5-44AC-BF2C-5E8015D54082}.Release|Any CPU.ActiveCfg = Release|Any CPU
		{27DCF604-3EF5-44AC-BF2C-5E8015D54082}.Release|Any CPU.Build.0 = Release|Any CPU
		{018366D1-A287-4CE4-8DA0-DEDFA08D97BE}.Debug|Any CPU.ActiveCfg = Debug|Any CPU
		{018366D1-A287-4CE4-8DA0-DEDFA08D97BE}.Debug|Any CPU.Build.0 = Debug|Any CPU
		{018366D1-A287-4CE4-8DA0-DEDFA08D97BE}.Release|Any CPU.ActiveCfg = Release|Any CPU
		{018366D1-A287-4CE4-8DA0-DEDFA08D97BE}.Release|Any CPU.Build.0 = Release|Any CPU
		{CDAA854A-1FD5-4176-BB07-70E487BC4FFF}.Debug|Any CPU.ActiveCfg = Debug|Any CPU
		{CDAA854A-1FD5-4176-BB07-70E487BC4FFF}.Debug|Any CPU.Build.0 = Debug|Any CPU
		{CDAA854A-1FD5-4176-BB07-70E487BC4FFF}.Release|Any CPU.ActiveCfg = Release|Any CPU
		{CDAA854A-1FD5-4176-BB07-70E487BC4FFF}.Release|Any CPU.Build.0 = Release|Any CPU
		{890E80E9-32B5-40EB-93C1-35BCDD29F4A6}.Debug|Any CPU.ActiveCfg = Debug|Any CPU
		{890E80E9-32B5-40EB-93C1-35BCDD29F4A6}.Debug|Any CPU.Build.0 = Debug|Any CPU
		{890E80E9-32B5-40EB-93C1-35BCDD29F4A6}.Release|Any CPU.ActiveCfg = Release|Any CPU
		{890E80E9-32B5-40EB-93C1-35BCDD29F4A6}.Release|Any CPU.Build.0 = Release|Any CPU
		{A777776A-570D-4E75-95EC-00309EC9FC42}.Debug|Any CPU.ActiveCfg = Debug|Any CPU
		{A777776A-570D-4E75-95EC-00309EC9FC42}.Debug|Any CPU.Build.0 = Debug|Any CPU
		{A777776A-570D-4E75-95EC-00309EC9FC42}.Release|Any CPU.ActiveCfg = Release|Any CPU
		{A777776A-570D-4E75-95EC-00309EC9FC42}.Release|Any CPU.Build.0 = Release|Any CPU
		{BC02C9CA-E1DA-45F4-A31A-8F0FC110C113}.Debug|Any CPU.ActiveCfg = Debug|Any CPU
		{BC02C9CA-E1DA-45F4-A31A-8F0FC110C113}.Debug|Any CPU.Build.0 = Debug|Any CPU
		{BC02C9CA-E1DA-45F4-A31A-8F0FC110C113}.Release|Any CPU.ActiveCfg = Release|Any CPU
		{BC02C9CA-E1DA-45F4-A31A-8F0FC110C113}.Release|Any CPU.Build.0 = Release|Any CPU
		{9149B802-A895-48A8-A5DF-4382BF11F7FC}.Debug|Any CPU.ActiveCfg = Debug|Any CPU
		{9149B802-A895-48A8-A5DF-4382BF11F7FC}.Debug|Any CPU.Build.0 = Debug|Any CPU
		{9149B802-A895-48A8-A5DF-4382BF11F7FC}.Release|Any CPU.ActiveCfg = Release|Any CPU
		{9149B802-A895-48A8-A5DF-4382BF11F7FC}.Release|Any CPU.Build.0 = Release|Any CPU
		{3EAFCABE-D8C4-44FC-92FD-FC9925DDA473}.Debug|Any CPU.ActiveCfg = Debug|Any CPU
		{3EAFCABE-D8C4-44FC-92FD-FC9925DDA473}.Debug|Any CPU.Build.0 = Debug|Any CPU
		{3EAFCABE-D8C4-44FC-92FD-FC9925DDA473}.Release|Any CPU.ActiveCfg = Release|Any CPU
		{3EAFCABE-D8C4-44FC-92FD-FC9925DDA473}.Release|Any CPU.Build.0 = Release|Any CPU
		{5AFAF6A0-17A4-4FFA-9176-547EC2DE26E5}.Debug|Any CPU.ActiveCfg = Debug|Any CPU
		{5AFAF6A0-17A4-4FFA-9176-547EC2DE26E5}.Debug|Any CPU.Build.0 = Debug|Any CPU
		{5AFAF6A0-17A4-4FFA-9176-547EC2DE26E5}.Release|Any CPU.ActiveCfg = Release|Any CPU
		{5AFAF6A0-17A4-4FFA-9176-547EC2DE26E5}.Release|Any CPU.Build.0 = Release|Any CPU
		{9638914E-AC15-4F78-9F73-34E5DA5132AD}.Debug|Any CPU.ActiveCfg = Debug|Any CPU
		{9638914E-AC15-4F78-9F73-34E5DA5132AD}.Debug|Any CPU.Build.0 = Debug|Any CPU
		{9638914E-AC15-4F78-9F73-34E5DA5132AD}.Release|Any CPU.ActiveCfg = Release|Any CPU
		{9638914E-AC15-4F78-9F73-34E5DA5132AD}.Release|Any CPU.Build.0 = Release|Any CPU
		{E2C4D4D8-D7BC-43F2-BFF5-3CB19686762A}.Debug|Any CPU.ActiveCfg = Debug|Any CPU
		{E2C4D4D8-D7BC-43F2-BFF5-3CB19686762A}.Debug|Any CPU.Build.0 = Debug|Any CPU
		{E2C4D4D8-D7BC-43F2-BFF5-3CB19686762A}.Release|Any CPU.ActiveCfg = Release|Any CPU
		{E2C4D4D8-D7BC-43F2-BFF5-3CB19686762A}.Release|Any CPU.Build.0 = Release|Any CPU
		{723464A7-D261-4063-8296-3A5291388CFA}.Debug|Any CPU.ActiveCfg = Debug|Any CPU
		{723464A7-D261-4063-8296-3A5291388CFA}.Debug|Any CPU.Build.0 = Debug|Any CPU
		{723464A7-D261-4063-8296-3A5291388CFA}.Release|Any CPU.ActiveCfg = Release|Any CPU
		{723464A7-D261-4063-8296-3A5291388CFA}.Release|Any CPU.Build.0 = Release|Any CPU
		{4DD1A6EE-38A2-4963-868A-574FB8D000FC}.Debug|Any CPU.ActiveCfg = Debug|Any CPU
		{4DD1A6EE-38A2-4963-868A-574FB8D000FC}.Debug|Any CPU.Build.0 = Debug|Any CPU
		{4DD1A6EE-38A2-4963-868A-574FB8D000FC}.Release|Any CPU.ActiveCfg = Release|Any CPU
		{4DD1A6EE-38A2-4963-868A-574FB8D000FC}.Release|Any CPU.Build.0 = Release|Any CPU
	EndGlobalSection
	GlobalSection(SolutionProperties) = preSolution
		HideSolutionNode = FALSE
	EndGlobalSection
	GlobalSection(NestedProjects) = preSolution
		{F5170D93-C871-4F2D-BC35-49AA39850B65} = {96551457-3B31-4419-977E-9C07EA1DDBCB}
		{15A57B76-E8CE-4690-A1BF-FC7D67BCF088} = {96551457-3B31-4419-977E-9C07EA1DDBCB}
		{DB3ACA98-EB9F-48CE-97F8-20E712DB9FB1} = {96551457-3B31-4419-977E-9C07EA1DDBCB}
		{AE361FCE-2396-4548-B05C-EA40CECDF081} = {96551457-3B31-4419-977E-9C07EA1DDBCB}
		{247F0154-3F6B-409B-BEBA-1BF9302D3B9E} = {96551457-3B31-4419-977E-9C07EA1DDBCB}
		{23BEC2DE-8D5F-4914-A2E2-82B0003F71DE} = {96551457-3B31-4419-977E-9C07EA1DDBCB}
		{DEBF6327-E4D9-45AF-AE4F-B226BECA5DDC} = {078B0CB0-E1AF-40CD-BAED-579B9DD65D14}
		{93686D6E-5658-4BC1-A578-54E7F16EB99C} = {078B0CB0-E1AF-40CD-BAED-579B9DD65D14}
		{E4966B3C-5226-415C-8B1F-B7BBD64509F3} = {078B0CB0-E1AF-40CD-BAED-579B9DD65D14}
		{D04CB621-CC00-4DDF-9AA3-1796F697584B} = {078B0CB0-E1AF-40CD-BAED-579B9DD65D14}
		{85C81265-CA86-4C3D-93B9-7AC54FCD20AF} = {CDD512B5-3F49-4665-9EF9-51F43608C9C6}
		{A4AD877F-2EB5-4023-BA08-C4CF89514C00} = {CDD512B5-3F49-4665-9EF9-51F43608C9C6}
		{881E89B0-9B98-4828-908F-4F8886E628F3} = {CDD512B5-3F49-4665-9EF9-51F43608C9C6}
		{22D8EE17-6B83-45F4-8EAC-53B1B37F2FEA} = {CDD512B5-3F49-4665-9EF9-51F43608C9C6}
		{9CE47F9E-2A81-4AF1-ACCA-F73A6EBD12E9} = {CDD512B5-3F49-4665-9EF9-51F43608C9C6}
		{FB99BAF4-BE6E-43F2-B903-50F0049AC496} = {CDD512B5-3F49-4665-9EF9-51F43608C9C6}
		{058D9126-C9C7-4CB2-B38A-5849F7BFC32D} = {CDD512B5-3F49-4665-9EF9-51F43608C9C6}
		{27DCF604-3EF5-44AC-BF2C-5E8015D54082} = {AF14271B-3B38-454D-9F40-B5CE90C6FED1}
		{018366D1-A287-4CE4-8DA0-DEDFA08D97BE} = {AF14271B-3B38-454D-9F40-B5CE90C6FED1}
		{CDAA854A-1FD5-4176-BB07-70E487BC4FFF} = {AF14271B-3B38-454D-9F40-B5CE90C6FED1}
		{890E80E9-32B5-40EB-93C1-35BCDD29F4A6} = {AF14271B-3B38-454D-9F40-B5CE90C6FED1}
		{A777776A-570D-4E75-95EC-00309EC9FC42} = {AF14271B-3B38-454D-9F40-B5CE90C6FED1}
		{BC02C9CA-E1DA-45F4-A31A-8F0FC110C113} = {AF14271B-3B38-454D-9F40-B5CE90C6FED1}
		{9149B802-A895-48A8-A5DF-4382BF11F7FC} = {192147A6-84F3-4BF2-B4B7-A6D5B603DE9E}
		{3EAFCABE-D8C4-44FC-92FD-FC9925DDA473} = {192147A6-84F3-4BF2-B4B7-A6D5B603DE9E}
		{5AFAF6A0-17A4-4FFA-9176-547EC2DE26E5} = {192147A6-84F3-4BF2-B4B7-A6D5B603DE9E}
		{9638914E-AC15-4F78-9F73-34E5DA5132AD} = {96551457-3B31-4419-977E-9C07EA1DDBCB}
		{E2C4D4D8-D7BC-43F2-BFF5-3CB19686762A} = {96551457-3B31-4419-977E-9C07EA1DDBCB}
		{4DD1A6EE-38A2-4963-868A-574FB8D000FC} = {CDD512B5-3F49-4665-9EF9-51F43608C9C6}
	EndGlobalSection
	GlobalSection(ExtensibilityGlobals) = postSolution
		EnterpriseLibraryConfigurationToolBinariesPathV6 = packages\EnterpriseLibrary.TransientFaultHandling.6.0.1304.0\lib\portable-net45+win+wp8;packages\EnterpriseLibrary.TransientFaultHandling.WindowsAzure.Storage.6.0.1304.1\lib\NET45
		EnterpriseLibraryConfigurationToolBinariesPath = packages\TransientFaultHandling.Core.5.1.1209.1\lib\NET4
	EndGlobalSection
EndGlobal
