
Microsoft Visual Studio Solution File, Format Version 12.00
# Visual Studio 2013
VisualStudioVersion = 12.0.30723.0
MinimumVisualStudioVersion = 10.0.40219.1
Project("{2150E333-8FDC-42A3-9474-1A3956D46DE8}") = "Compute and Networking", "Compute and Networking", "{9F6549BD-4B8C-47D0-8EA6-33A09137FE6B}"
EndProject
Project("{2150E333-8FDC-42A3-9474-1A3956D46DE8}") = "Data and Analytics", "Data and Analytics", "{485A9118-4DFB-4BE0-B7A6-F26C532A5518}"
EndProject
Project("{2150E333-8FDC-42A3-9474-1A3956D46DE8}") = "Hybrid Integration", "Hybrid Integration", "{FD71A1D4-154B-4D66-8BD4-7B7D856BAEB8}"
EndProject
Project("{2150E333-8FDC-42A3-9474-1A3956D46DE8}") = "Identity and Access Management", "Identity and Access Management", "{09C41229-E09E-4670-9A0D-444D60F6C3BF}"
EndProject
Project("{2150E333-8FDC-42A3-9474-1A3956D46DE8}") = "Media and CDN", "Media and CDN", "{446EB634-FC27-4D93-B0BA-6FD486413B0C}"
EndProject
Project("{2150E333-8FDC-42A3-9474-1A3956D46DE8}") = "Storage and Backup", "Storage and Backup", "{E71C707E-3A50-499F-B3A2-60082E0C8285}"
EndProject
Project("{2150E333-8FDC-42A3-9474-1A3956D46DE8}") = "Web and Mobile", "Web and Mobile", "{4C3605C7-A704-4EC1-8983-3DEB44F94FC4}"
EndProject
Project("{FAE04EC0-301F-11D3-BF4B-00C04F79EFBC}") = "DeployManageCloudServices", "compute-network\DeployManageCloudServices\DeployManageCloudServices.csproj", "{018366D1-A287-4CE4-8DA0-DEDFA08D97BE}"
	ProjectSection(ProjectDependencies) = postProject
		{27DCF604-3EF5-44AC-BF2C-5E8015D54082} = {27DCF604-3EF5-44AC-BF2C-5E8015D54082}
		{058D9126-C9C7-4CB2-B38A-5849F7BFC32D} = {058D9126-C9C7-4CB2-B38A-5849F7BFC32D}
		{CDAA854A-1FD5-4176-BB07-70E487BC4FFF} = {CDAA854A-1FD5-4176-BB07-70E487BC4FFF}
		{247F0154-3F6B-409B-BEBA-1BF9302D3B9E} = {247F0154-3F6B-409B-BEBA-1BF9302D3B9E}
		{85C81265-CA86-4C3D-93B9-7AC54FCD20AF} = {85C81265-CA86-4C3D-93B9-7AC54FCD20AF}
		{A777776A-570D-4E75-95EC-00309EC9FC42} = {A777776A-570D-4E75-95EC-00309EC9FC42}
		{A4AD877F-2EB5-4023-BA08-C4CF89514C00} = {A4AD877F-2EB5-4023-BA08-C4CF89514C00}
		{DB3ACA98-EB9F-48CE-97F8-20E712DB9FB1} = {DB3ACA98-EB9F-48CE-97F8-20E712DB9FB1}
		{BC02C9CA-E1DA-45F4-A31A-8F0FC110C113} = {BC02C9CA-E1DA-45F4-A31A-8F0FC110C113}
		{23BEC2DE-8D5F-4914-A2E2-82B0003F71DE} = {23BEC2DE-8D5F-4914-A2E2-82B0003F71DE}
		{890E80E9-32B5-40EB-93C1-35BCDD29F4A6} = {890E80E9-32B5-40EB-93C1-35BCDD29F4A6}
		{4DD1A6EE-38A2-4963-868A-574FB8D000FC} = {4DD1A6EE-38A2-4963-868A-574FB8D000FC}
		{FB99BAF4-BE6E-43F2-B903-50F0049AC496} = {FB99BAF4-BE6E-43F2-B903-50F0049AC496}
	EndProjectSection
EndProject
Project("{FAE04EC0-301F-11D3-BF4B-00C04F79EFBC}") = "DeployManageVirtualMachines", "compute-network\DeployManageVirtualMachines\DeployManageVirtualMachines.csproj", "{890E80E9-32B5-40EB-93C1-35BCDD29F4A6}"
EndProject
Project("{FAE04EC0-301F-11D3-BF4B-00C04F79EFBC}") = "DeployManageVirtualNetwork", "compute-network\DeployManageVirtualNetwork\DeployManageVirtualNetwork.csproj", "{A777776A-570D-4E75-95EC-00309EC9FC42}"
EndProject
Project("{FAE04EC0-301F-11D3-BF4B-00C04F79EFBC}") = "DataCacheService", "data-analytics\DataCacheService\DataCacheService.csproj", "{A4AD877F-2EB5-4023-BA08-C4CF89514C00}"
EndProject
Project("{FAE04EC0-301F-11D3-BF4B-00C04F79EFBC}") = "DeployManageSQLDB", "data-analytics\DeployManageSQLDB\DeployManageSQLDB.csproj", "{CDAA854A-1FD5-4176-BB07-70E487BC4FFF}"
EndProject
Project("{FAE04EC0-301F-11D3-BF4B-00C04F79EFBC}") = "AppServicesSvcBusQ", "hybrid\AppServicesSvcBusQ\AppServicesSvcBusQ.csproj", "{247F0154-3F6B-409B-BEBA-1BF9302D3B9E}"
EndProject
Project("{FAE04EC0-301F-11D3-BF4B-00C04F79EFBC}") = "AppServicesSvcBusTopic", "hybrid\AppServicesSvcBusTopic\AppServicesSvcBusTopic.csproj", "{23BEC2DE-8D5F-4914-A2E2-82B0003F71DE}"
EndProject
Project("{FAE04EC0-301F-11D3-BF4B-00C04F79EFBC}") = "AppServicesMediaTranscode", "media-cdn\AppServicesMediaTranscode\AppServicesMediaTranscode.csproj", "{DB3ACA98-EB9F-48CE-97F8-20E712DB9FB1}"
EndProject
Project("{FAE04EC0-301F-11D3-BF4B-00C04F79EFBC}") = "DataBlobStorage", "storage-backup\DataBlobStorage\DataBlobStorage.csproj", "{85C81265-CA86-4C3D-93B9-7AC54FCD20AF}"
EndProject
Project("{FAE04EC0-301F-11D3-BF4B-00C04F79EFBC}") = "DataStorageQueue", "storage-backup\DataStorageQueue\DataStorageQueue.csproj", "{FB99BAF4-BE6E-43F2-B903-50F0049AC496}"
EndProject
Project("{FAE04EC0-301F-11D3-BF4B-00C04F79EFBC}") = "DataTableStorage", "storage-backup\DataTableStorage\DataTableStorage.csproj", "{058D9126-C9C7-4CB2-B38A-5849F7BFC32D}"
EndProject
Project("{FAE04EC0-301F-11D3-BF4B-00C04F79EFBC}") = "DeployManageAzureStorage", "storage-backup\DeployManageAzureStorage\DeployManageAzureStorage.csproj", "{27DCF604-3EF5-44AC-BF2C-5E8015D54082}"
EndProject
Project("{FAE04EC0-301F-11D3-BF4B-00C04F79EFBC}") = "DeployManageWebSites", "web-mobile\DeployManageWebSites\DeployManageWebSites.csproj", "{BC02C9CA-E1DA-45F4-A31A-8F0FC110C113}"
EndProject
Project("{FAE04EC0-301F-11D3-BF4B-00C04F79EFBC}") = "DataDocumentDB", "data-analytics\DataDocumentDB\DataDocumentDB.csproj", "{4DD1A6EE-38A2-4963-868A-574FB8D000FC}"
EndProject
Global
	GlobalSection(SolutionConfigurationPlatforms) = preSolution
		Debug|Any CPU = Debug|Any CPU
		Debug|x86 = Debug|x86
		Release|Any CPU = Release|Any CPU
		Release|x86 = Release|x86
	EndGlobalSection
	GlobalSection(ProjectConfigurationPlatforms) = postSolution
		{018366D1-A287-4CE4-8DA0-DEDFA08D97BE}.Debug|Any CPU.ActiveCfg = Debug|Any CPU
		{018366D1-A287-4CE4-8DA0-DEDFA08D97BE}.Debug|Any CPU.Build.0 = Debug|Any CPU
		{018366D1-A287-4CE4-8DA0-DEDFA08D97BE}.Debug|x86.ActiveCfg = Debug|x86
		{018366D1-A287-4CE4-8DA0-DEDFA08D97BE}.Debug|x86.Build.0 = Debug|x86
		{018366D1-A287-4CE4-8DA0-DEDFA08D97BE}.Release|Any CPU.ActiveCfg = Release|Any CPU
		{018366D1-A287-4CE4-8DA0-DEDFA08D97BE}.Release|Any CPU.Build.0 = Release|Any CPU
		{018366D1-A287-4CE4-8DA0-DEDFA08D97BE}.Release|x86.ActiveCfg = Release|x86
		{018366D1-A287-4CE4-8DA0-DEDFA08D97BE}.Release|x86.Build.0 = Release|x86
		{890E80E9-32B5-40EB-93C1-35BCDD29F4A6}.Debug|Any CPU.ActiveCfg = Debug|Any CPU
		{890E80E9-32B5-40EB-93C1-35BCDD29F4A6}.Debug|Any CPU.Build.0 = Debug|Any CPU
		{890E80E9-32B5-40EB-93C1-35BCDD29F4A6}.Debug|x86.ActiveCfg = Debug|x86
		{890E80E9-32B5-40EB-93C1-35BCDD29F4A6}.Debug|x86.Build.0 = Debug|x86
		{890E80E9-32B5-40EB-93C1-35BCDD29F4A6}.Release|Any CPU.ActiveCfg = Release|Any CPU
		{890E80E9-32B5-40EB-93C1-35BCDD29F4A6}.Release|Any CPU.Build.0 = Release|Any CPU
		{890E80E9-32B5-40EB-93C1-35BCDD29F4A6}.Release|x86.ActiveCfg = Release|x86
		{890E80E9-32B5-40EB-93C1-35BCDD29F4A6}.Release|x86.Build.0 = Release|x86
		{A777776A-570D-4E75-95EC-00309EC9FC42}.Debug|Any CPU.ActiveCfg = Debug|Any CPU
		{A777776A-570D-4E75-95EC-00309EC9FC42}.Debug|Any CPU.Build.0 = Debug|Any CPU
		{A777776A-570D-4E75-95EC-00309EC9FC42}.Debug|x86.ActiveCfg = Debug|x86
		{A777776A-570D-4E75-95EC-00309EC9FC42}.Debug|x86.Build.0 = Debug|x86
		{A777776A-570D-4E75-95EC-00309EC9FC42}.Release|Any CPU.ActiveCfg = Release|Any CPU
		{A777776A-570D-4E75-95EC-00309EC9FC42}.Release|Any CPU.Build.0 = Release|Any CPU
		{A777776A-570D-4E75-95EC-00309EC9FC42}.Release|x86.ActiveCfg = Release|x86
		{A777776A-570D-4E75-95EC-00309EC9FC42}.Release|x86.Build.0 = Release|x86
		{A4AD877F-2EB5-4023-BA08-C4CF89514C00}.Debug|Any CPU.ActiveCfg = Debug|Any CPU
		{A4AD877F-2EB5-4023-BA08-C4CF89514C00}.Debug|Any CPU.Build.0 = Debug|Any CPU
		{A4AD877F-2EB5-4023-BA08-C4CF89514C00}.Debug|x86.ActiveCfg = Debug|x86
		{A4AD877F-2EB5-4023-BA08-C4CF89514C00}.Debug|x86.Build.0 = Debug|x86
		{A4AD877F-2EB5-4023-BA08-C4CF89514C00}.Release|Any CPU.ActiveCfg = Release|Any CPU
		{A4AD877F-2EB5-4023-BA08-C4CF89514C00}.Release|Any CPU.Build.0 = Release|Any CPU
		{A4AD877F-2EB5-4023-BA08-C4CF89514C00}.Release|x86.ActiveCfg = Release|x86
		{A4AD877F-2EB5-4023-BA08-C4CF89514C00}.Release|x86.Build.0 = Release|x86
		{CDAA854A-1FD5-4176-BB07-70E487BC4FFF}.Debug|Any CPU.ActiveCfg = Debug|Any CPU
		{CDAA854A-1FD5-4176-BB07-70E487BC4FFF}.Debug|Any CPU.Build.0 = Debug|Any CPU
		{CDAA854A-1FD5-4176-BB07-70E487BC4FFF}.Debug|x86.ActiveCfg = Debug|x86
		{CDAA854A-1FD5-4176-BB07-70E487BC4FFF}.Debug|x86.Build.0 = Debug|x86
		{CDAA854A-1FD5-4176-BB07-70E487BC4FFF}.Release|Any CPU.ActiveCfg = Release|Any CPU
		{CDAA854A-1FD5-4176-BB07-70E487BC4FFF}.Release|Any CPU.Build.0 = Release|Any CPU
		{CDAA854A-1FD5-4176-BB07-70E487BC4FFF}.Release|x86.ActiveCfg = Release|x86
		{CDAA854A-1FD5-4176-BB07-70E487BC4FFF}.Release|x86.Build.0 = Release|x86
		{247F0154-3F6B-409B-BEBA-1BF9302D3B9E}.Debug|Any CPU.ActiveCfg = Debug|Any CPU
		{247F0154-3F6B-409B-BEBA-1BF9302D3B9E}.Debug|Any CPU.Build.0 = Debug|Any CPU
		{247F0154-3F6B-409B-BEBA-1BF9302D3B9E}.Debug|x86.ActiveCfg = Debug|x86
		{247F0154-3F6B-409B-BEBA-1BF9302D3B9E}.Debug|x86.Build.0 = Debug|x86
		{247F0154-3F6B-409B-BEBA-1BF9302D3B9E}.Release|Any CPU.ActiveCfg = Release|Any CPU
		{247F0154-3F6B-409B-BEBA-1BF9302D3B9E}.Release|Any CPU.Build.0 = Release|Any CPU
		{247F0154-3F6B-409B-BEBA-1BF9302D3B9E}.Release|x86.ActiveCfg = Release|x86
		{247F0154-3F6B-409B-BEBA-1BF9302D3B9E}.Release|x86.Build.0 = Release|x86
		{23BEC2DE-8D5F-4914-A2E2-82B0003F71DE}.Debug|Any CPU.ActiveCfg = Debug|Any CPU
		{23BEC2DE-8D5F-4914-A2E2-82B0003F71DE}.Debug|Any CPU.Build.0 = Debug|Any CPU
		{23BEC2DE-8D5F-4914-A2E2-82B0003F71DE}.Debug|x86.ActiveCfg = Debug|x86
		{23BEC2DE-8D5F-4914-A2E2-82B0003F71DE}.Debug|x86.Build.0 = Debug|x86
		{23BEC2DE-8D5F-4914-A2E2-82B0003F71DE}.Release|Any CPU.ActiveCfg = Release|Any CPU
		{23BEC2DE-8D5F-4914-A2E2-82B0003F71DE}.Release|Any CPU.Build.0 = Release|Any CPU
		{23BEC2DE-8D5F-4914-A2E2-82B0003F71DE}.Release|x86.ActiveCfg = Release|x86
		{23BEC2DE-8D5F-4914-A2E2-82B0003F71DE}.Release|x86.Build.0 = Release|x86
		{DB3ACA98-EB9F-48CE-97F8-20E712DB9FB1}.Debug|Any CPU.ActiveCfg = Debug|Any CPU
		{DB3ACA98-EB9F-48CE-97F8-20E712DB9FB1}.Debug|Any CPU.Build.0 = Debug|Any CPU
		{DB3ACA98-EB9F-48CE-97F8-20E712DB9FB1}.Debug|x86.ActiveCfg = Debug|x86
		{DB3ACA98-EB9F-48CE-97F8-20E712DB9FB1}.Debug|x86.Build.0 = Debug|x86
		{DB3ACA98-EB9F-48CE-97F8-20E712DB9FB1}.Release|Any CPU.ActiveCfg = Release|Any CPU
		{DB3ACA98-EB9F-48CE-97F8-20E712DB9FB1}.Release|Any CPU.Build.0 = Release|Any CPU
		{DB3ACA98-EB9F-48CE-97F8-20E712DB9FB1}.Release|x86.ActiveCfg = Release|x86
		{DB3ACA98-EB9F-48CE-97F8-20E712DB9FB1}.Release|x86.Build.0 = Release|x86
		{85C81265-CA86-4C3D-93B9-7AC54FCD20AF}.Debug|Any CPU.ActiveCfg = Debug|Any CPU
		{85C81265-CA86-4C3D-93B9-7AC54FCD20AF}.Debug|Any CPU.Build.0 = Debug|Any CPU
		{85C81265-CA86-4C3D-93B9-7AC54FCD20AF}.Debug|x86.ActiveCfg = Debug|x86
		{85C81265-CA86-4C3D-93B9-7AC54FCD20AF}.Debug|x86.Build.0 = Debug|x86
		{85C81265-CA86-4C3D-93B9-7AC54FCD20AF}.Release|Any CPU.ActiveCfg = Release|Any CPU
		{85C81265-CA86-4C3D-93B9-7AC54FCD20AF}.Release|Any CPU.Build.0 = Release|Any CPU
		{85C81265-CA86-4C3D-93B9-7AC54FCD20AF}.Release|x86.ActiveCfg = Release|x86
		{85C81265-CA86-4C3D-93B9-7AC54FCD20AF}.Release|x86.Build.0 = Release|x86
		{FB99BAF4-BE6E-43F2-B903-50F0049AC496}.Debug|Any CPU.ActiveCfg = Debug|Any CPU
		{FB99BAF4-BE6E-43F2-B903-50F0049AC496}.Debug|Any CPU.Build.0 = Debug|Any CPU
		{FB99BAF4-BE6E-43F2-B903-50F0049AC496}.Debug|x86.ActiveCfg = Debug|x86
		{FB99BAF4-BE6E-43F2-B903-50F0049AC496}.Debug|x86.Build.0 = Debug|x86
		{FB99BAF4-BE6E-43F2-B903-50F0049AC496}.Release|Any CPU.ActiveCfg = Release|Any CPU
		{FB99BAF4-BE6E-43F2-B903-50F0049AC496}.Release|Any CPU.Build.0 = Release|Any CPU
		{FB99BAF4-BE6E-43F2-B903-50F0049AC496}.Release|x86.ActiveCfg = Release|x86
		{FB99BAF4-BE6E-43F2-B903-50F0049AC496}.Release|x86.Build.0 = Release|x86
		{058D9126-C9C7-4CB2-B38A-5849F7BFC32D}.Debug|Any CPU.ActiveCfg = Debug|Any CPU
		{058D9126-C9C7-4CB2-B38A-5849F7BFC32D}.Debug|Any CPU.Build.0 = Debug|Any CPU
		{058D9126-C9C7-4CB2-B38A-5849F7BFC32D}.Debug|x86.ActiveCfg = Debug|x86
		{058D9126-C9C7-4CB2-B38A-5849F7BFC32D}.Debug|x86.Build.0 = Debug|x86
		{058D9126-C9C7-4CB2-B38A-5849F7BFC32D}.Release|Any CPU.ActiveCfg = Release|Any CPU
		{058D9126-C9C7-4CB2-B38A-5849F7BFC32D}.Release|Any CPU.Build.0 = Release|Any CPU
		{058D9126-C9C7-4CB2-B38A-5849F7BFC32D}.Release|x86.ActiveCfg = Release|x86
		{058D9126-C9C7-4CB2-B38A-5849F7BFC32D}.Release|x86.Build.0 = Release|x86
		{27DCF604-3EF5-44AC-BF2C-5E8015D54082}.Debug|Any CPU.ActiveCfg = Debug|Any CPU
		{27DCF604-3EF5-44AC-BF2C-5E8015D54082}.Debug|Any CPU.Build.0 = Debug|Any CPU
		{27DCF604-3EF5-44AC-BF2C-5E8015D54082}.Debug|x86.ActiveCfg = Debug|x86
		{27DCF604-3EF5-44AC-BF2C-5E8015D54082}.Debug|x86.Build.0 = Debug|x86
		{27DCF604-3EF5-44AC-BF2C-5E8015D54082}.Release|Any CPU.ActiveCfg = Release|Any CPU
		{27DCF604-3EF5-44AC-BF2C-5E8015D54082}.Release|Any CPU.Build.0 = Release|Any CPU
		{27DCF604-3EF5-44AC-BF2C-5E8015D54082}.Release|x86.ActiveCfg = Release|x86
		{27DCF604-3EF5-44AC-BF2C-5E8015D54082}.Release|x86.Build.0 = Release|x86
		{BC02C9CA-E1DA-45F4-A31A-8F0FC110C113}.Debug|Any CPU.ActiveCfg = Debug|Any CPU
		{BC02C9CA-E1DA-45F4-A31A-8F0FC110C113}.Debug|Any CPU.Build.0 = Debug|Any CPU
		{BC02C9CA-E1DA-45F4-A31A-8F0FC110C113}.Debug|x86.ActiveCfg = Debug|x86
		{BC02C9CA-E1DA-45F4-A31A-8F0FC110C113}.Debug|x86.Build.0 = Debug|x86
		{BC02C9CA-E1DA-45F4-A31A-8F0FC110C113}.Release|Any CPU.ActiveCfg = Release|Any CPU
		{BC02C9CA-E1DA-45F4-A31A-8F0FC110C113}.Release|Any CPU.Build.0 = Release|Any CPU
		{BC02C9CA-E1DA-45F4-A31A-8F0FC110C113}.Release|x86.ActiveCfg = Release|x86
		{BC02C9CA-E1DA-45F4-A31A-8F0FC110C113}.Release|x86.Build.0 = Release|x86
		{4DD1A6EE-38A2-4963-868A-574FB8D000FC}.Debug|Any CPU.ActiveCfg = Debug|Any CPU
		{4DD1A6EE-38A2-4963-868A-574FB8D000FC}.Debug|Any CPU.Build.0 = Debug|Any CPU
		{4DD1A6EE-38A2-4963-868A-574FB8D000FC}.Debug|x86.ActiveCfg = Debug|x86
		{4DD1A6EE-38A2-4963-868A-574FB8D000FC}.Debug|x86.Build.0 = Debug|x86
		{4DD1A6EE-38A2-4963-868A-574FB8D000FC}.Release|Any CPU.ActiveCfg = Release|Any CPU
		{4DD1A6EE-38A2-4963-868A-574FB8D000FC}.Release|Any CPU.Build.0 = Release|Any CPU
		{4DD1A6EE-38A2-4963-868A-574FB8D000FC}.Release|x86.ActiveCfg = Release|x86
		{4DD1A6EE-38A2-4963-868A-574FB8D000FC}.Release|x86.Build.0 = Release|x86
	EndGlobalSection
	GlobalSection(SolutionProperties) = preSolution
		HideSolutionNode = FALSE
	EndGlobalSection
	GlobalSection(NestedProjects) = preSolution
		{018366D1-A287-4CE4-8DA0-DEDFA08D97BE} = {9F6549BD-4B8C-47D0-8EA6-33A09137FE6B}
		{890E80E9-32B5-40EB-93C1-35BCDD29F4A6} = {9F6549BD-4B8C-47D0-8EA6-33A09137FE6B}
		{A777776A-570D-4E75-95EC-00309EC9FC42} = {9F6549BD-4B8C-47D0-8EA6-33A09137FE6B}
		{A4AD877F-2EB5-4023-BA08-C4CF89514C00} = {485A9118-4DFB-4BE0-B7A6-F26C532A5518}
		{CDAA854A-1FD5-4176-BB07-70E487BC4FFF} = {485A9118-4DFB-4BE0-B7A6-F26C532A5518}
		{247F0154-3F6B-409B-BEBA-1BF9302D3B9E} = {FD71A1D4-154B-4D66-8BD4-7B7D856BAEB8}
		{23BEC2DE-8D5F-4914-A2E2-82B0003F71DE} = {FD71A1D4-154B-4D66-8BD4-7B7D856BAEB8}
		{DB3ACA98-EB9F-48CE-97F8-20E712DB9FB1} = {446EB634-FC27-4D93-B0BA-6FD486413B0C}
		{85C81265-CA86-4C3D-93B9-7AC54FCD20AF} = {E71C707E-3A50-499F-B3A2-60082E0C8285}
		{FB99BAF4-BE6E-43F2-B903-50F0049AC496} = {E71C707E-3A50-499F-B3A2-60082E0C8285}
		{058D9126-C9C7-4CB2-B38A-5849F7BFC32D} = {E71C707E-3A50-499F-B3A2-60082E0C8285}
		{27DCF604-3EF5-44AC-BF2C-5E8015D54082} = {E71C707E-3A50-499F-B3A2-60082E0C8285}
		{BC02C9CA-E1DA-45F4-A31A-8F0FC110C113} = {4C3605C7-A704-4EC1-8983-3DEB44F94FC4}
		{4DD1A6EE-38A2-4963-868A-574FB8D000FC} = {485A9118-4DFB-4BE0-B7A6-F26C532A5518}
	EndGlobalSection
EndGlobal
