
Microsoft Visual Studio Solution File, Format Version 12.00
# Visual Studio 2013
VisualStudioVersion = 12.0.31101.0
MinimumVisualStudioVersion = 10.0.40219.1
Project("{2150E333-8FDC-42A3-9474-1A3956D46DE8}") = "App Services", "App Services", "{96551457-3B31-4419-977E-9C07EA1DDBCB}"
EndProject
Project("{2150E333-8FDC-42A3-9474-1A3956D46DE8}") = "Data Services", "Data Services", "{CDD512B5-3F49-4665-9EF9-51F43608C9C6}"
EndProject
Project("{2150E333-8FDC-42A3-9474-1A3956D46DE8}") = "Compute", "Compute", "{078B0CB0-E1AF-40CD-BAED-579B9DD65D14}"
EndProject
Project("{2150E333-8FDC-42A3-9474-1A3956D46DE8}") = "Network", "Network", "{192147A6-84F3-4BF2-B4B7-A6D5B603DE9E}"
EndProject
Project("{FAE04EC0-301F-11D3-BF4B-00C04F79EFBC}") = "AppServicesMediaTranscode", "App Services\AppServicesMediaTranscode\AppServicesMediaTranscode.csproj", "{DB3ACA98-EB9F-48CE-97F8-20E712DB9FB1}"
EndProject
Project("{FAE04EC0-301F-11D3-BF4B-00C04F79EFBC}") = "AppServicesSvcBusQ", "App Services\AppServicesSvcBusQ\AppServicesSvcBusQ.csproj", "{247F0154-3F6B-409B-BEBA-1BF9302D3B9E}"
EndProject
Project("{FAE04EC0-301F-11D3-BF4B-00C04F79EFBC}") = "AppServicesSvcBusTopic", "App Services\AppServicesSvcBusTopic\AppServicesSvcBusTopic.csproj", "{23BEC2DE-8D5F-4914-A2E2-82B0003F71DE}"
EndProject
Project("{FAE04EC0-301F-11D3-BF4B-00C04F79EFBC}") = "DataBlobStorage", "Data Services\DataBlobStorage\DataBlobStorage.csproj", "{85C81265-CA86-4C3D-93B9-7AC54FCD20AF}"
EndProject
Project("{FAE04EC0-301F-11D3-BF4B-00C04F79EFBC}") = "DataCacheService", "Data Services\DataCacheService\DataCacheService.csproj", "{A4AD877F-2EB5-4023-BA08-C4CF89514C00}"
EndProject
Project("{FAE04EC0-301F-11D3-BF4B-00C04F79EFBC}") = "DataDocumentDB", "Data Services\DataDocumentDB\DataDocumentDB.csproj", "{4DD1A6EE-38A2-4963-868A-574FB8D000FC}"
EndProject
Project("{FAE04EC0-301F-11D3-BF4B-00C04F79EFBC}") = "DeployManageCloudServices", "Compute\DeployManageCloudServices\DeployManageCloudServices.csproj", "{018366D1-A287-4CE4-8DA0-DEDFA08D97BE}"
EndProject
Project("{FAE04EC0-301F-11D3-BF4B-00C04F79EFBC}") = "DeployManageVirtualMachines", "Compute\DeployManageVirtualMachines\DeployManageVirtualMachines.csproj", "{890E80E9-32B5-40EB-93C1-35BCDD29F4A6}"
EndProject
Project("{FAE04EC0-301F-11D3-BF4B-00C04F79EFBC}") = "DeployManageWebSites", "Compute\DeployManageWebSites\DeployManageWebSites.csproj", "{BC02C9CA-E1DA-45F4-A31A-8F0FC110C113}"
EndProject
Project("{FAE04EC0-301F-11D3-BF4B-00C04F79EFBC}") = "DataStorageQueue", "Data Services\DataStorageQueue\DataStorageQueue.csproj", "{FB99BAF4-BE6E-43F2-B903-50F0049AC496}"
EndProject
Project("{FAE04EC0-301F-11D3-BF4B-00C04F79EFBC}") = "DataSQLEF", "Data Services\DataSQLEF\DataSQLEF.csproj", "{9CE47F9E-2A81-4AF1-ACCA-F73A6EBD12E9}"
EndProject
Project("{FAE04EC0-301F-11D3-BF4B-00C04F79EFBC}") = "DataTableStorage", "Data Services\DataTableStorage\DataTableStorage.csproj", "{058D9126-C9C7-4CB2-B38A-5849F7BFC32D}"
EndProject
Project("{FAE04EC0-301F-11D3-BF4B-00C04F79EFBC}") = "DeployManageAzureStorage", "Data Services\DeployManageAzureStorage\DeployManageAzureStorage.csproj", "{27DCF604-3EF5-44AC-BF2C-5E8015D54082}"
EndProject
Project("{FAE04EC0-301F-11D3-BF4B-00C04F79EFBC}") = "DeployManageSQLDB", "Data Services\DeployManageSQLDB\DeployManageSQLDB.csproj", "{CDAA854A-1FD5-4176-BB07-70E487BC4FFF}"
EndProject
Project("{FAE04EC0-301F-11D3-BF4B-00C04F79EFBC}") = "DeployManageVirtualNetwork", "Network\DeployManageVirtualNetwork\DeployManageVirtualNetwork.csproj", "{A777776A-570D-4E75-95EC-00309EC9FC42}"
EndProject
Project("{FAE04EC0-301F-11D3-BF4B-00C04F79EFBC}") = "ComputeWebJobsSDKBlob", "Compute\ComputeWebJobsSDKBlob\ComputeWebJobsSDKBlob.csproj", "{09AF1B36-BBD0-4FE1-9CF0-A53C0AEC7A89}"
EndProject
Project("{FAE04EC0-301F-11D3-BF4B-00C04F79EFBC}") = "ComputeWebJobsSDKSvcBusQ", "Compute\ComputeWebJobsSDKSvcBusQ\ComputeWebJobsSDKSvcBusQ.csproj", "{8F17226C-481D-4DA8-A02B-E8AB670CDD24}"
EndProject
Project("{FAE04EC0-301F-11D3-BF4B-00C04F79EFBC}") = "ComputeWebJobsSDKQueue", "Compute\ComputeWebJobsSDKQueue\ComputeWebJobsSDKQueue.csproj", "{4C26EBE3-05D6-40F8-AB0E-E6C780DFA39E}"
EndProject
Project("{FAE04EC0-301F-11D3-BF4B-00C04F79EFBC}") = "ComputeWebJobsSDKTable", "Compute\ComputeWebJobsSDKTable\ComputeWebJobsSDKTable.csproj", "{319A6756-BF45-430E-BAF8-CABFF7B5E426}"
EndProject
Project("{2150E333-8FDC-42A3-9474-1A3956D46DE8}") = ".nuget", ".nuget", "{1F6F32E1-E8B6-471E-90F8-C8D84F609D0E}"
	ProjectSection(SolutionItems) = preProject
		.nuget\NuGet.Config = .nuget\NuGet.Config
		.nuget\NuGet.exe = .nuget\NuGet.exe
		.nuget\NuGet.targets = .nuget\NuGet.targets
	EndProjectSection
EndProject
Project("{FAE04EC0-301F-11D3-BF4B-00C04F79EFBC}") = "DataFileStorage", "Data Services\DataFileStorage\DataFileStorage.csproj", "{6498E995-C760-4920-8FF8-4A3EE3842D20}"
EndProject
Global
	GlobalSection(SolutionConfigurationPlatforms) = preSolution
		Debug|Any CPU = Debug|Any CPU
		Release|Any CPU = Release|Any CPU
	EndGlobalSection
	GlobalSection(ProjectConfigurationPlatforms) = postSolution
		{DB3ACA98-EB9F-48CE-97F8-20E712DB9FB1}.Debug|Any CPU.ActiveCfg = Debug|Any CPU
		{DB3ACA98-EB9F-48CE-97F8-20E712DB9FB1}.Debug|Any CPU.Build.0 = Debug|Any CPU
		{DB3ACA98-EB9F-48CE-97F8-20E712DB9FB1}.Release|Any CPU.ActiveCfg = Release|Any CPU
		{DB3ACA98-EB9F-48CE-97F8-20E712DB9FB1}.Release|Any CPU.Build.0 = Release|Any CPU
		{247F0154-3F6B-409B-BEBA-1BF9302D3B9E}.Debug|Any CPU.ActiveCfg = Debug|Any CPU
		{247F0154-3F6B-409B-BEBA-1BF9302D3B9E}.Debug|Any CPU.Build.0 = Debug|Any CPU
		{247F0154-3F6B-409B-BEBA-1BF9302D3B9E}.Release|Any CPU.ActiveCfg = Release|Any CPU
		{247F0154-3F6B-409B-BEBA-1BF9302D3B9E}.Release|Any CPU.Build.0 = Release|Any CPU
		{23BEC2DE-8D5F-4914-A2E2-82B0003F71DE}.Debug|Any CPU.ActiveCfg = Debug|Any CPU
		{23BEC2DE-8D5F-4914-A2E2-82B0003F71DE}.Debug|Any CPU.Build.0 = Debug|Any CPU
		{23BEC2DE-8D5F-4914-A2E2-82B0003F71DE}.Release|Any CPU.ActiveCfg = Release|Any CPU
		{23BEC2DE-8D5F-4914-A2E2-82B0003F71DE}.Release|Any CPU.Build.0 = Release|Any CPU
		{85C81265-CA86-4C3D-93B9-7AC54FCD20AF}.Debug|Any CPU.ActiveCfg = Debug|Any CPU
		{85C81265-CA86-4C3D-93B9-7AC54FCD20AF}.Debug|Any CPU.Build.0 = Debug|Any CPU
		{85C81265-CA86-4C3D-93B9-7AC54FCD20AF}.Release|Any CPU.ActiveCfg = Release|Any CPU
		{85C81265-CA86-4C3D-93B9-7AC54FCD20AF}.Release|Any CPU.Build.0 = Release|Any CPU
		{A4AD877F-2EB5-4023-BA08-C4CF89514C00}.Debug|Any CPU.ActiveCfg = Debug|Any CPU
		{A4AD877F-2EB5-4023-BA08-C4CF89514C00}.Debug|Any CPU.Build.0 = Debug|Any CPU
		{A4AD877F-2EB5-4023-BA08-C4CF89514C00}.Release|Any CPU.ActiveCfg = Release|Any CPU
		{A4AD877F-2EB5-4023-BA08-C4CF89514C00}.Release|Any CPU.Build.0 = Release|Any CPU
		{4DD1A6EE-38A2-4963-868A-574FB8D000FC}.Debug|Any CPU.ActiveCfg = Debug|Any CPU
		{4DD1A6EE-38A2-4963-868A-574FB8D000FC}.Debug|Any CPU.Build.0 = Debug|Any CPU
		{4DD1A6EE-38A2-4963-868A-574FB8D000FC}.Release|Any CPU.ActiveCfg = Release|Any CPU
		{4DD1A6EE-38A2-4963-868A-574FB8D000FC}.Release|Any CPU.Build.0 = Release|Any CPU
		{018366D1-A287-4CE4-8DA0-DEDFA08D97BE}.Debug|Any CPU.ActiveCfg = Debug|Any CPU
		{018366D1-A287-4CE4-8DA0-DEDFA08D97BE}.Debug|Any CPU.Build.0 = Debug|Any CPU
		{018366D1-A287-4CE4-8DA0-DEDFA08D97BE}.Release|Any CPU.ActiveCfg = Release|Any CPU
		{018366D1-A287-4CE4-8DA0-DEDFA08D97BE}.Release|Any CPU.Build.0 = Release|Any CPU
		{890E80E9-32B5-40EB-93C1-35BCDD29F4A6}.Debug|Any CPU.ActiveCfg = Debug|Any CPU
		{890E80E9-32B5-40EB-93C1-35BCDD29F4A6}.Debug|Any CPU.Build.0 = Debug|Any CPU
		{890E80E9-32B5-40EB-93C1-35BCDD29F4A6}.Release|Any CPU.ActiveCfg = Release|Any CPU
		{890E80E9-32B5-40EB-93C1-35BCDD29F4A6}.Release|Any CPU.Build.0 = Release|Any CPU
		{BC02C9CA-E1DA-45F4-A31A-8F0FC110C113}.Debug|Any CPU.ActiveCfg = Debug|Any CPU
		{BC02C9CA-E1DA-45F4-A31A-8F0FC110C113}.Debug|Any CPU.Build.0 = Debug|Any CPU
		{BC02C9CA-E1DA-45F4-A31A-8F0FC110C113}.Release|Any CPU.ActiveCfg = Release|Any CPU
		{BC02C9CA-E1DA-45F4-A31A-8F0FC110C113}.Release|Any CPU.Build.0 = Release|Any CPU
		{FB99BAF4-BE6E-43F2-B903-50F0049AC496}.Debug|Any CPU.ActiveCfg = Debug|Any CPU
		{FB99BAF4-BE6E-43F2-B903-50F0049AC496}.Debug|Any CPU.Build.0 = Debug|Any CPU
		{FB99BAF4-BE6E-43F2-B903-50F0049AC496}.Release|Any CPU.ActiveCfg = Release|Any CPU
		{FB99BAF4-BE6E-43F2-B903-50F0049AC496}.Release|Any CPU.Build.0 = Release|Any CPU
		{9CE47F9E-2A81-4AF1-ACCA-F73A6EBD12E9}.Debug|Any CPU.ActiveCfg = Debug|Any CPU
		{9CE47F9E-2A81-4AF1-ACCA-F73A6EBD12E9}.Debug|Any CPU.Build.0 = Debug|Any CPU
		{9CE47F9E-2A81-4AF1-ACCA-F73A6EBD12E9}.Release|Any CPU.ActiveCfg = Release|Any CPU
		{9CE47F9E-2A81-4AF1-ACCA-F73A6EBD12E9}.Release|Any CPU.Build.0 = Release|Any CPU
		{058D9126-C9C7-4CB2-B38A-5849F7BFC32D}.Debug|Any CPU.ActiveCfg = Debug|Any CPU
		{058D9126-C9C7-4CB2-B38A-5849F7BFC32D}.Debug|Any CPU.Build.0 = Debug|Any CPU
		{058D9126-C9C7-4CB2-B38A-5849F7BFC32D}.Release|Any CPU.ActiveCfg = Release|Any CPU
		{058D9126-C9C7-4CB2-B38A-5849F7BFC32D}.Release|Any CPU.Build.0 = Release|Any CPU
		{27DCF604-3EF5-44AC-BF2C-5E8015D54082}.Debug|Any CPU.ActiveCfg = Debug|Any CPU
		{27DCF604-3EF5-44AC-BF2C-5E8015D54082}.Debug|Any CPU.Build.0 = Debug|Any CPU
		{27DCF604-3EF5-44AC-BF2C-5E8015D54082}.Release|Any CPU.ActiveCfg = Release|Any CPU
		{27DCF604-3EF5-44AC-BF2C-5E8015D54082}.Release|Any CPU.Build.0 = Release|Any CPU
		{CDAA854A-1FD5-4176-BB07-70E487BC4FFF}.Debug|Any CPU.ActiveCfg = Debug|Any CPU
		{CDAA854A-1FD5-4176-BB07-70E487BC4FFF}.Debug|Any CPU.Build.0 = Debug|Any CPU
		{CDAA854A-1FD5-4176-BB07-70E487BC4FFF}.Release|Any CPU.ActiveCfg = Release|Any CPU
		{CDAA854A-1FD5-4176-BB07-70E487BC4FFF}.Release|Any CPU.Build.0 = Release|Any CPU
		{A777776A-570D-4E75-95EC-00309EC9FC42}.Debug|Any CPU.ActiveCfg = Debug|Any CPU
		{A777776A-570D-4E75-95EC-00309EC9FC42}.Debug|Any CPU.Build.0 = Debug|Any CPU
		{A777776A-570D-4E75-95EC-00309EC9FC42}.Release|Any CPU.ActiveCfg = Release|Any CPU
		{A777776A-570D-4E75-95EC-00309EC9FC42}.Release|Any CPU.Build.0 = Release|Any CPU
		{09AF1B36-BBD0-4FE1-9CF0-A53C0AEC7A89}.Debug|Any CPU.ActiveCfg = Debug|Any CPU
		{09AF1B36-BBD0-4FE1-9CF0-A53C0AEC7A89}.Debug|Any CPU.Build.0 = Debug|Any CPU
		{09AF1B36-BBD0-4FE1-9CF0-A53C0AEC7A89}.Release|Any CPU.ActiveCfg = Release|Any CPU
		{09AF1B36-BBD0-4FE1-9CF0-A53C0AEC7A89}.Release|Any CPU.Build.0 = Release|Any CPU
		{8F17226C-481D-4DA8-A02B-E8AB670CDD24}.Debug|Any CPU.ActiveCfg = Debug|Any CPU
		{8F17226C-481D-4DA8-A02B-E8AB670CDD24}.Debug|Any CPU.Build.0 = Debug|Any CPU
		{8F17226C-481D-4DA8-A02B-E8AB670CDD24}.Release|Any CPU.ActiveCfg = Release|Any CPU
		{8F17226C-481D-4DA8-A02B-E8AB670CDD24}.Release|Any CPU.Build.0 = Release|Any CPU
		{4C26EBE3-05D6-40F8-AB0E-E6C780DFA39E}.Debug|Any CPU.ActiveCfg = Debug|Any CPU
		{4C26EBE3-05D6-40F8-AB0E-E6C780DFA39E}.Debug|Any CPU.Build.0 = Debug|Any CPU
		{4C26EBE3-05D6-40F8-AB0E-E6C780DFA39E}.Release|Any CPU.ActiveCfg = Release|Any CPU
		{4C26EBE3-05D6-40F8-AB0E-E6C780DFA39E}.Release|Any CPU.Build.0 = Release|Any CPU
		{319A6756-BF45-430E-BAF8-CABFF7B5E426}.Debug|Any CPU.ActiveCfg = Debug|Any CPU
		{319A6756-BF45-430E-BAF8-CABFF7B5E426}.Debug|Any CPU.Build.0 = Debug|Any CPU
		{319A6756-BF45-430E-BAF8-CABFF7B5E426}.Release|Any CPU.ActiveCfg = Release|Any CPU
		{319A6756-BF45-430E-BAF8-CABFF7B5E426}.Release|Any CPU.Build.0 = Release|Any CPU
		{6498E995-C760-4920-8FF8-4A3EE3842D20}.Debug|Any CPU.ActiveCfg = Debug|Any CPU
		{6498E995-C760-4920-8FF8-4A3EE3842D20}.Debug|Any CPU.Build.0 = Debug|Any CPU
		{6498E995-C760-4920-8FF8-4A3EE3842D20}.Release|Any CPU.ActiveCfg = Release|Any CPU
		{6498E995-C760-4920-8FF8-4A3EE3842D20}.Release|Any CPU.Build.0 = Release|Any CPU
	EndGlobalSection
	GlobalSection(SolutionProperties) = preSolution
		HideSolutionNode = FALSE
	EndGlobalSection
	GlobalSection(NestedProjects) = preSolution
		{DB3ACA98-EB9F-48CE-97F8-20E712DB9FB1} = {96551457-3B31-4419-977E-9C07EA1DDBCB}
		{247F0154-3F6B-409B-BEBA-1BF9302D3B9E} = {96551457-3B31-4419-977E-9C07EA1DDBCB}
		{23BEC2DE-8D5F-4914-A2E2-82B0003F71DE} = {96551457-3B31-4419-977E-9C07EA1DDBCB}
		{85C81265-CA86-4C3D-93B9-7AC54FCD20AF} = {CDD512B5-3F49-4665-9EF9-51F43608C9C6}
		{A4AD877F-2EB5-4023-BA08-C4CF89514C00} = {CDD512B5-3F49-4665-9EF9-51F43608C9C6}
		{4DD1A6EE-38A2-4963-868A-574FB8D000FC} = {CDD512B5-3F49-4665-9EF9-51F43608C9C6}
		{018366D1-A287-4CE4-8DA0-DEDFA08D97BE} = {078B0CB0-E1AF-40CD-BAED-579B9DD65D14}
		{890E80E9-32B5-40EB-93C1-35BCDD29F4A6} = {078B0CB0-E1AF-40CD-BAED-579B9DD65D14}
		{BC02C9CA-E1DA-45F4-A31A-8F0FC110C113} = {078B0CB0-E1AF-40CD-BAED-579B9DD65D14}
		{FB99BAF4-BE6E-43F2-B903-50F0049AC496} = {CDD512B5-3F49-4665-9EF9-51F43608C9C6}
		{9CE47F9E-2A81-4AF1-ACCA-F73A6EBD12E9} = {CDD512B5-3F49-4665-9EF9-51F43608C9C6}
		{058D9126-C9C7-4CB2-B38A-5849F7BFC32D} = {CDD512B5-3F49-4665-9EF9-51F43608C9C6}
		{27DCF604-3EF5-44AC-BF2C-5E8015D54082} = {CDD512B5-3F49-4665-9EF9-51F43608C9C6}
		{CDAA854A-1FD5-4176-BB07-70E487BC4FFF} = {CDD512B5-3F49-4665-9EF9-51F43608C9C6}
		{A777776A-570D-4E75-95EC-00309EC9FC42} = {192147A6-84F3-4BF2-B4B7-A6D5B603DE9E}
		{09AF1B36-BBD0-4FE1-9CF0-A53C0AEC7A89} = {078B0CB0-E1AF-40CD-BAED-579B9DD65D14}
		{8F17226C-481D-4DA8-A02B-E8AB670CDD24} = {078B0CB0-E1AF-40CD-BAED-579B9DD65D14}
		{4C26EBE3-05D6-40F8-AB0E-E6C780DFA39E} = {078B0CB0-E1AF-40CD-BAED-579B9DD65D14}
		{319A6756-BF45-430E-BAF8-CABFF7B5E426} = {078B0CB0-E1AF-40CD-BAED-579B9DD65D14}
		{6498E995-C760-4920-8FF8-4A3EE3842D20} = {CDD512B5-3F49-4665-9EF9-51F43608C9C6}
	EndGlobalSection
	GlobalSection(ExtensibilityGlobals) = postSolution
		EnterpriseLibraryConfigurationToolBinariesPath = packages\TransientFaultHandling.Core.5.1.1209.1\lib\NET4
		EnterpriseLibraryConfigurationToolBinariesPathV6 = packages\EnterpriseLibrary.TransientFaultHandling.6.0.1304.0\lib\portable-net45+win+wp8;packages\EnterpriseLibrary.TransientFaultHandling.WindowsAzure.Storage.6.0.1304.1\lib\NET45
		{881E89B0-9B98-4828-908F-4F8886E628F3} = {CDD512B5-3F49-4665-9EF9-51F43608C9C6}
		{22D8EE17-6B83-45F4-8EAC-53B1B37F2FEA} = {CDD512B5-3F49-4665-9EF9-51F43608C9C6}
		{9CE47F9E-2A81-4AF1-ACCA-F73A6EBD12E9} = {CDD512B5-3F49-4665-9EF9-51F43608C9C6}
		{FB99BAF4-BE6E-43F2-B903-50F0049AC496} = {CDD512B5-3F49-4665-9EF9-51F43608C9C6}
		{058D9126-C9C7-4CB2-B38A-5849F7BFC32D} = {CDD512B5-3F49-4665-9EF9-51F43608C9C6}
		{27DCF604-3EF5-44AC-BF2C-5E8015D54082} = {AF14271B-3B38-454D-9F40-B5CE90C6FED1}
		{018366D1-A287-4CE4-8DA0-DEDFA08D97BE} = {AF14271B-3B38-454D-9F40-B5CE90C6FED1}
		{CDAA854A-1FD5-4176-BB07-70E487BC4FFF} = {AF14271B-3B38-454D-9F40-B5CE90C6FED1}
		{890E80E9-32B5-40EB-93C1-35BCDD29F4A6} = {AF14271B-3B38-454D-9F40-B5CE90C6FED1}
		{A777776A-570D-4E75-95EC-00309EC9FC42} = {AF14271B-3B38-454D-9F40-B5CE90C6FED1}
		{BC02C9CA-E1DA-45F4-A31A-8F0FC110C113} = {AF14271B-3B38-454D-9F40-B5CE90C6FED1}
		{9149B802-A895-48A8-A5DF-4382BF11F7FC} = {192147A6-84F3-4BF2-B4B7-A6D5B603DE9E}
		{3EAFCABE-D8C4-44FC-92FD-FC9925DDA473} = {192147A6-84F3-4BF2-B4B7-A6D5B603DE9E}
		{5AFAF6A0-17A4-4FFA-9176-547EC2DE26E5} = {192147A6-84F3-4BF2-B4B7-A6D5B603DE9E}
		{9638914E-AC15-4F78-9F73-34E5DA5132AD} = {96551457-3B31-4419-977E-9C07EA1DDBCB}
		{E2C4D4D8-D7BC-43F2-BFF5-3CB19686762A} = {96551457-3B31-4419-977E-9C07EA1DDBCB}
		{7477CFB8-0999-4ACD-ACD4-14A708CF5435} = {078B0CB0-E1AF-40CD-BAED-579B9DD65D14}
		{646819D0-AC96-4ACC-90CD-E6F1A4F5BA68} = {078B0CB0-E1AF-40CD-BAED-579B9DD65D14}
		{ED6EC941-45A4-47B9-B620-D459946BDB36} = {078B0CB0-E1AF-40CD-BAED-579B9DD65D14}
		{ABF31218-A3C0-4A16-84C2-800AA7811D10} = {078B0CB0-E1AF-40CD-BAED-579B9DD65D14}
	EndGlobalSection
EndGlobal
